
Microsoft Visual Studio Solution File, Format Version 12.00
# Visual Studio Version 16
VisualStudioVersion = 16.0.32126.315
MinimumVisualStudioVersion = 10.0.40219.1
Project("{FAE04EC0-301F-11D3-BF4B-00C04F79EFBC}") = "MobAvaliacao.Android", "MobAvaliacao.Android\MobAvaliacao.Android.csproj", "{A96DBC48-B4F2-40EB-A202-B9A20E255AF1}"
EndProject
Project("{FAE04EC0-301F-11D3-BF4B-00C04F79EFBC}") = "MobAvaliacao.iOS", "MobAvaliacao.iOS\MobAvaliacao.iOS.csproj", "{D6BA79D2-4968-4DA9-B7C5-47C9A96D40C8}"
EndProject
Project("{FAE04EC0-301F-11D3-BF4B-00C04F79EFBC}") = "MobAvaliacao", "MobAvaliacao\MobAvaliacao.csproj", "{BE855C9B-1C27-44AB-90ED-00DC1B9EA061}"
EndProject
Global
	GlobalSection(SolutionConfigurationPlatforms) = preSolution
		Debug|Any CPU = Debug|Any CPU
		Debug|iPhone = Debug|iPhone
		Debug|iPhoneSimulator = Debug|iPhoneSimulator
		Release|Any CPU = Release|Any CPU
		Release|iPhone = Release|iPhone
		Release|iPhoneSimulator = Release|iPhoneSimulator
	EndGlobalSection
	GlobalSection(ProjectConfigurationPlatforms) = postSolution
		{A96DBC48-B4F2-40EB-A202-B9A20E255AF1}.Debug|Any CPU.ActiveCfg = Debug|Any CPU
		{A96DBC48-B4F2-40EB-A202-B9A20E255AF1}.Debug|Any CPU.Build.0 = Debug|Any CPU
		{A96DBC48-B4F2-40EB-A202-B9A20E255AF1}.Debug|Any CPU.Deploy.0 = Debug|Any CPU
		{A96DBC48-B4F2-40EB-A202-B9A20E255AF1}.Debug|iPhone.ActiveCfg = Debug|Any CPU
		{A96DBC48-B4F2-40EB-A202-B9A20E255AF1}.Debug|iPhone.Build.0 = Debug|Any CPU
		{A96DBC48-B4F2-40EB-A202-B9A20E255AF1}.Debug|iPhone.Deploy.0 = Debug|Any CPU
		{A96DBC48-B4F2-40EB-A202-B9A20E255AF1}.Debug|iPhoneSimulator.ActiveCfg = Debug|Any CPU
		{A96DBC48-B4F2-40EB-A202-B9A20E255AF1}.Debug|iPhoneSimulator.Build.0 = Debug|Any CPU
		{A96DBC48-B4F2-40EB-A202-B9A20E255AF1}.Debug|iPhoneSimulator.Deploy.0 = Debug|Any CPU
		{A96DBC48-B4F2-40EB-A202-B9A20E255AF1}.Release|Any CPU.ActiveCfg = Release|Any CPU
		{A96DBC48-B4F2-40EB-A202-B9A20E255AF1}.Release|Any CPU.Build.0 = Release|Any CPU
		{A96DBC48-B4F2-40EB-A202-B9A20E255AF1}.Release|Any CPU.Deploy.0 = Release|Any CPU
		{A96DBC48-B4F2-40EB-A202-B9A20E255AF1}.Release|iPhone.ActiveCfg = Release|Any CPU
		{A96DBC48-B4F2-40EB-A202-B9A20E255AF1}.Release|iPhone.Build.0 = Release|Any CPU
		{A96DBC48-B4F2-40EB-A202-B9A20E255AF1}.Release|iPhone.Deploy.0 = Release|Any CPU
		{A96DBC48-B4F2-40EB-A202-B9A20E255AF1}.Release|iPhoneSimulator.ActiveCfg = Release|Any CPU
		{A96DBC48-B4F2-40EB-A202-B9A20E255AF1}.Release|iPhoneSimulator.Build.0 = Release|Any CPU
		{A96DBC48-B4F2-40EB-A202-B9A20E255AF1}.Release|iPhoneSimulator.Deploy.0 = Release|Any CPU
		{D6BA79D2-4968-4DA9-B7C5-47C9A96D40C8}.Debug|Any CPU.ActiveCfg = Debug|iPhone
		{D6BA79D2-4968-4DA9-B7C5-47C9A96D40C8}.Debug|Any CPU.Build.0 = Debug|iPhone
		{D6BA79D2-4968-4DA9-B7C5-47C9A96D40C8}.Debug|Any CPU.Deploy.0 = Debug|iPhone
		{D6BA79D2-4968-4DA9-B7C5-47C9A96D40C8}.Debug|iPhone.ActiveCfg = Debug|iPhone
		{D6BA79D2-4968-4DA9-B7C5-47C9A96D40C8}.Debug|iPhone.Build.0 = Debug|iPhone
		{D6BA79D2-4968-4DA9-B7C5-47C9A96D40C8}.Debug|iPhone.Deploy.0 = Debug|iPhone
		{D6BA79D2-4968-4DA9-B7C5-47C9A96D40C8}.Debug|iPhoneSimulator.ActiveCfg = Debug|iPhoneSimulator
		{D6BA79D2-4968-4DA9-B7C5-47C9A96D40C8}.Debug|iPhoneSimulator.Build.0 = Debug|iPhoneSimulator
		{D6BA79D2-4968-4DA9-B7C5-47C9A96D40C8}.Debug|iPhoneSimulator.Deploy.0 = Debug|iPhoneSimulator
		{D6BA79D2-4968-4DA9-B7C5-47C9A96D40C8}.Release|Any CPU.ActiveCfg = Release|iPhoneSimulator
		{D6BA79D2-4968-4DA9-B7C5-47C9A96D40C8}.Release|Any CPU.Build.0 = Release|iPhoneSimulator
		{D6BA79D2-4968-4DA9-B7C5-47C9A96D40C8}.Release|Any CPU.Deploy.0 = Release|iPhoneSimulator
		{D6BA79D2-4968-4DA9-B7C5-47C9A96D40C8}.Release|iPhone.ActiveCfg = Release|iPhone
		{D6BA79D2-4968-4DA9-B7C5-47C9A96D40C8}.Release|iPhone.Build.0 = Release|iPhone
		{D6BA79D2-4968-4DA9-B7C5-47C9A96D40C8}.Release|iPhone.Deploy.0 = Release|iPhone
		{D6BA79D2-4968-4DA9-B7C5-47C9A96D40C8}.Release|iPhoneSimulator.ActiveCfg = Release|iPhoneSimulator
		{D6BA79D2-4968-4DA9-B7C5-47C9A96D40C8}.Release|iPhoneSimulator.Build.0 = Release|iPhoneSimulator
		{D6BA79D2-4968-4DA9-B7C5-47C9A96D40C8}.Release|iPhoneSimulator.Deploy.0 = Release|iPhoneSimulator
		{BE855C9B-1C27-44AB-90ED-00DC1B9EA061}.Debug|Any CPU.ActiveCfg = Debug|Any CPU
		{BE855C9B-1C27-44AB-90ED-00DC1B9EA061}.Debug|Any CPU.Build.0 = Debug|Any CPU
		{BE855C9B-1C27-44AB-90ED-00DC1B9EA061}.Debug|Any CPU.Deploy.0 = Debug|Any CPU
		{BE855C9B-1C27-44AB-90ED-00DC1B9EA061}.Debug|iPhone.ActiveCfg = Debug|Any CPU
		{BE855C9B-1C27-44AB-90ED-00DC1B9EA061}.Debug|iPhone.Build.0 = Debug|Any CPU
		{BE855C9B-1C27-44AB-90ED-00DC1B9EA061}.Debug|iPhone.Deploy.0 = Debug|Any CPU
		{BE855C9B-1C27-44AB-90ED-00DC1B9EA061}.Debug|iPhoneSimulator.ActiveCfg = Debug|Any CPU
		{BE855C9B-1C27-44AB-90ED-00DC1B9EA061}.Debug|iPhoneSimulator.Build.0 = Debug|Any CPU
		{BE855C9B-1C27-44AB-90ED-00DC1B9EA061}.Debug|iPhoneSimulator.Deploy.0 = Debug|Any CPU
		{BE855C9B-1C27-44AB-90ED-00DC1B9EA061}.Release|Any CPU.ActiveCfg = Release|Any CPU
		{BE855C9B-1C27-44AB-90ED-00DC1B9EA061}.Release|Any CPU.Build.0 = Release|Any CPU
		{BE855C9B-1C27-44AB-90ED-00DC1B9EA061}.Release|Any CPU.Deploy.0 = Release|Any CPU
		{BE855C9B-1C27-44AB-90ED-00DC1B9EA061}.Release|iPhone.ActiveCfg = Release|Any CPU
		{BE855C9B-1C27-44AB-90ED-00DC1B9EA061}.Release|iPhone.Build.0 = Release|Any CPU
		{BE855C9B-1C27-44AB-90ED-00DC1B9EA061}.Release|iPhone.Deploy.0 = Release|Any CPU
		{BE855C9B-1C27-44AB-90ED-00DC1B9EA061}.Release|iPhoneSimulator.ActiveCfg = Release|Any CPU
		{BE855C9B-1C27-44AB-90ED-00DC1B9EA061}.Release|iPhoneSimulator.Build.0 = Release|Any CPU
		{BE855C9B-1C27-44AB-90ED-00DC1B9EA061}.Release|iPhoneSimulator.Deploy.0 = Release|Any CPU
	EndGlobalSection
	GlobalSection(SolutionProperties) = preSolution
		HideSolutionNode = FALSE
	EndGlobalSection
	GlobalSection(ExtensibilityGlobals) = postSolution
		SolutionGuid = {5028A03F-EED7-44EB-A5B1-75BC0075EF06}
	EndGlobalSection
EndGlobal
